
Microsoft Visual Studio Solution File, Format Version 12.00
# Visual Studio Version 18
VisualStudioVersion = 18.3.11429.125
MinimumVisualStudioVersion = 10.0.40219.1
Project("{9A19103F-16F7-4668-BE54-9A1E7A4F7556}") = "UniversalDeviceToolkit.Electron", "UniversalDeviceToolkit.Electron\UniversalDeviceToolkit.Electron.csproj", "{E1E2E3E4-E5E6-4A7B-8C9D-0E1F2A3B4C5E}"
EndProject
Project("{9A19103F-16F7-4668-BE54-9A1E7A4F7556}") = "UniversalDeviceToolkit.Lib", "UniversalDeviceToolkit.Lib\UniversalDeviceToolkit.Lib.csproj", "{4B902DDC-0EBE-44B3-A53B-5EA176C7522B}"
EndProject
Project("{9A19103F-16F7-4668-BE54-9A1E7A4F7556}") = "UniversalDeviceToolkit.Lib.Automation", "UniversalDeviceToolkit.Lib.Automation\UniversalDeviceToolkit.Lib.Automation.csproj", "{CB52B339-4311-47C9-B9EB-23643F10BEC9}"
EndProject
Project("{9A19103F-16F7-4668-BE54-9A1E7A4F7556}") = "UniversalDeviceToolkit.SpectrumTester", "UniversalDeviceToolkit.SpectrumTester\UniversalDeviceToolkit.SpectrumTester.csproj", "{BB54FD85-CB1C-401F-A520-02396718595C}"
EndProject
Project("{9A19103F-16F7-4668-BE54-9A1E7A4F7556}") = "UniversalDeviceToolkit.Lib.Macro", "UniversalDeviceToolkit.Lib.Macro\UniversalDeviceToolkit.Lib.Macro.csproj", "{AC885CE1-A229-4437-B969-266DB6516AD1}"
EndProject
Project("{9A19103F-16F7-4668-BE54-9A1E7A4F7556}") = "UniversalDeviceToolkit.CLI", "UniversalDeviceToolkit.CLI\UniversalDeviceToolkit.CLI.csproj", "{656AC74B-A298-4D0F-88CC-7CC7B5AB32C3}"
EndProject
Project("{9A19103F-16F7-4668-BE54-9A1E7A4F7556}") = "UniversalDeviceToolkit.CLI.Lib", "UniversalDeviceToolkit.CLI.Lib\UniversalDeviceToolkit.CLI.Lib.csproj", "{2C7AB13C-5877-459D-98F3-F91F88CE3216}"
EndProject
Project("{2150E333-8FDC-42A3-9474-1A3956D46DE8}") = "CLI", "CLI", "{F8070067-370A-4E50-898A-8E31A3D77569}"
EndProject
Project("{2150E333-8FDC-42A3-9474-1A3956D46DE8}") = "Tools", "Tools", "{07C2787E-EAC7-C090-1BA3-A61EC2A24D84}"
EndProject
Project("{FAE04EC0-301F-11D3-BF4B-00C04F79EFBC}") = "HardwareValidation", "Tools\HardwareValidation\HardwareValidation.csproj", "{0D13B5A7-7D2E-4ACF-8B6E-4FB2A4A5D88B}"
EndProject
Project("{2150E333-8FDC-42A3-9474-1A3956D46DE8}") = "Tests", "Tests", "{A1B2C3D4-E5F6-4A7B-8C9D-0E1F2A3B4C5D}"
EndProject
Project("{FAE04EC0-301F-11D3-BF4B-00C04F79EFBC}") = "UniversalDeviceToolkit.Tests", "UniversalDeviceToolkit.Tests\UniversalDeviceToolkit.Tests.csproj", "{B2C3D4E5-F6A7-4B8C-9D0E-1F2A3B4C5D6E}"
EndProject
Project("{FAE04EC0-301F-11D3-BF4B-00C04F79EFBC}") = "UniversalDeviceToolkit.CrossPlatform", "UniversalDeviceToolkit.CrossPlatform\UniversalDeviceToolkit.CrossPlatform.csproj", "{E85F6CEF-D560-4F31-8D94-A7D75009A2CC}"
EndProject
Project("{FAE04EC0-301F-11D3-BF4B-00C04F79EFBC}") = "UniversalDeviceToolkit.CrossPlatform.Tests", "UniversalDeviceToolkit.CrossPlatform.Tests\UniversalDeviceToolkit.CrossPlatform.Tests.csproj", "{5056A082-3103-4E4A-A0CC-5F30ED2A0767}"
EndProject
Project("{FAE04EC0-301F-11D3-BF4B-00C04F79EFBC}") = "UniversalDeviceToolkit.NetworkProxy", "UniversalDeviceToolkit.NetworkProxy\UniversalDeviceToolkit.NetworkProxy.csproj", "{8FDD02CE-4DE1-4F0A-B634-779F772FDF6C}"
EndProject
Project("{FAE04EC0-301F-11D3-BF4B-00C04F79EFBC}") = "UniversalDeviceToolkit.Lib.Abstractions", "UniversalDeviceToolkit.Lib.Abstractions\UniversalDeviceToolkit.Lib.Abstractions.csproj", "{75033DEA-DF07-45B7-88FD-68FAF6CE60B2}"
EndProject
Project("{FAE04EC0-301F-11D3-BF4B-00C04F79EFBC}") = "UniversalDeviceToolkit.Lib.Shared", "UniversalDeviceToolkit.Lib.Shared\UniversalDeviceToolkit.Lib.Shared.csproj", "{A2942DE1-7828-413E-A4F1-D9EFE3F45E36}"
EndProject
Project("{FAE04EC0-301F-11D3-BF4B-00C04F79EFBC}") = "UniversalDeviceToolkit.Platform.Windows", "UniversalDeviceToolkit.Platform.Windows\UniversalDeviceToolkit.Platform.Windows.csproj", "{976A7C50-51C1-4E98-B9DB-1D5B82049FBD}"
EndProject
Project("{FAE04EC0-301F-11D3-BF4B-00C04F79EFBC}") = "UniversalDeviceToolkit.Platform.Linux", "UniversalDeviceToolkit.Platform.Linux\UniversalDeviceToolkit.Platform.Linux.csproj", "{27660724-2D75-4F95-9D1E-BFDA92879AAB}"
EndProject
Project("{FAE04EC0-301F-11D3-BF4B-00C04F79EFBC}") = "UniversalDeviceToolkit.Platform.MacOS", "UniversalDeviceToolkit.Platform.MacOS\UniversalDeviceToolkit.Platform.MacOS.csproj", "{D610BF97-DD19-4BBF-A15F-08D5790D4479}"
EndProject
Project("{FAE04EC0-301F-11D3-BF4B-00C04F79EFBC}") = "UniversalDeviceToolkit.Tests.Infrastructure", "UniversalDeviceToolkit.Tests.Infrastructure\UniversalDeviceToolkit.Tests.Infrastructure.csproj", "{81A41C3C-D3D0-446E-ADD0-47F2F3E66DF0}"
EndProject
Project("{FAE04EC0-301F-11D3-BF4B-00C04F79EFBC}") = "UniversalDeviceToolkit.Fast.Tests", "UniversalDeviceToolkit.Fast.Tests\UniversalDeviceToolkit.Fast.Tests.csproj", "{2EC0039E-EBA7-44E0-B6E8-3F2C9A9600E9}"
EndProject
Project("{FAE04EC0-301F-11D3-BF4B-00C04F79EFBC}") = "UniversalDeviceToolkit.Platform.Windows.Core", "UniversalDeviceToolkit.Platform.Windows.Core\UniversalDeviceToolkit.Platform.Windows.Core.csproj", "{F6E9BD31-65D6-4651-B479-8B5710174EA1}"
EndProject
Project("{FAE04EC0-301F-11D3-BF4B-00C04F79EFBC}") = "UniversalDeviceToolkit.Host", "UniversalDeviceToolkit.Host\UniversalDeviceToolkit.Host.csproj", "{981B5719-455E-465E-97CE-6609034C41E9}"
EndProject
Project("{FAE04EC0-301F-11D3-BF4B-00C04F79EFBC}") = "UniversalDeviceToolkit.Tests.Contracts", "UniversalDeviceToolkit.Tests.Contracts\UniversalDeviceToolkit.Tests.Contracts.csproj", "{6745FB1F-AFDC-4651-A802-85515C1F0C2B}"
EndProject
Project("{FAE04EC0-301F-11D3-BF4B-00C04F79EFBC}") = "UniversalDeviceToolkit.Tests.Stateful", "UniversalDeviceToolkit.Tests.Stateful\UniversalDeviceToolkit.Tests.Stateful.csproj", "{B8EF883E-93C9-4C3F-AB57-D63CF85E2DD6}"
EndProject
Global
	GlobalSection(SolutionConfigurationPlatforms) = preSolution
		Debug|x64 = Debug|x64
		Debug|x86 = Debug|x86
		Debug|Any CPU = Debug|Any CPU
		Release|x64 = Release|x64
		Release|x86 = Release|x86
		Release|Any CPU = Release|Any CPU
	EndGlobalSection
	GlobalSection(ProjectConfigurationPlatforms) = postSolution
		{E1E2E3E4-E5E6-4A7B-8C9D-0E1F2A3B4C5E}.Debug|x64.ActiveCfg = Debug|x64
		{E1E2E3E4-E5E6-4A7B-8C9D-0E1F2A3B4C5E}.Debug|x64.Build.0 = Debug|x64
		{E1E2E3E4-E5E6-4A7B-8C9D-0E1F2A3B4C5E}.Debug|x86.ActiveCfg = Debug|x64
		{E1E2E3E4-E5E6-4A7B-8C9D-0E1F2A3B4C5E}.Debug|x86.Build.0 = Debug|x64
		{E1E2E3E4-E5E6-4A7B-8C9D-0E1F2A3B4C5E}.Debug|Any CPU.ActiveCfg = Debug|x64
		{E1E2E3E4-E5E6-4A7B-8C9D-0E1F2A3B4C5E}.Debug|Any CPU.Build.0 = Debug|x64
		{E1E2E3E4-E5E6-4A7B-8C9D-0E1F2A3B4C5E}.Release|x64.ActiveCfg = Release|x64
		{E1E2E3E4-E5E6-4A7B-8C9D-0E1F2A3B4C5E}.Release|x64.Build.0 = Release|x64
		{E1E2E3E4-E5E6-4A7B-8C9D-0E1F2A3B4C5E}.Release|x86.ActiveCfg = Release|x64
		{E1E2E3E4-E5E6-4A7B-8C9D-0E1F2A3B4C5E}.Release|x86.Build.0 = Release|x64
		{E1E2E3E4-E5E6-4A7B-8C9D-0E1F2A3B4C5E}.Release|Any CPU.ActiveCfg = Release|x64
		{E1E2E3E4-E5E6-4A7B-8C9D-0E1F2A3B4C5E}.Release|Any CPU.Build.0 = Release|x64
		{4B902DDC-0EBE-44B3-A53B-5EA176C7522B}.Debug|x64.ActiveCfg = Debug|x64
		{4B902DDC-0EBE-44B3-A53B-5EA176C7522B}.Debug|x64.Build.0 = Debug|x64
		{4B902DDC-0EBE-44B3-A53B-5EA176C7522B}.Debug|x86.ActiveCfg = Debug|x64
		{4B902DDC-0EBE-44B3-A53B-5EA176C7522B}.Debug|x86.Build.0 = Debug|x64
		{4B902DDC-0EBE-44B3-A53B-5EA176C7522B}.Debug|Any CPU.ActiveCfg = Debug|x64
		{4B902DDC-0EBE-44B3-A53B-5EA176C7522B}.Debug|Any CPU.Build.0 = Debug|x64
		{4B902DDC-0EBE-44B3-A53B-5EA176C7522B}.Release|x64.ActiveCfg = Release|x64
		{4B902DDC-0EBE-44B3-A53B-5EA176C7522B}.Release|x64.Build.0 = Release|x64
		{4B902DDC-0EBE-44B3-A53B-5EA176C7522B}.Release|x86.ActiveCfg = Release|x64
		{4B902DDC-0EBE-44B3-A53B-5EA176C7522B}.Release|x86.Build.0 = Release|x64
		{4B902DDC-0EBE-44B3-A53B-5EA176C7522B}.Release|Any CPU.ActiveCfg = Release|x64
		{4B902DDC-0EBE-44B3-A53B-5EA176C7522B}.Release|Any CPU.Build.0 = Release|x64
		{CB52B339-4311-47C9-B9EB-23643F10BEC9}.Debug|x64.ActiveCfg = Debug|x64
		{CB52B339-4311-47C9-B9EB-23643F10BEC9}.Debug|x64.Build.0 = Debug|x64
		{CB52B339-4311-47C9-B9EB-23643F10BEC9}.Debug|x86.ActiveCfg = Debug|x64
		{CB52B339-4311-47C9-B9EB-23643F10BEC9}.Debug|x86.Build.0 = Debug|x64
		{CB52B339-4311-47C9-B9EB-23643F10BEC9}.Debug|Any CPU.ActiveCfg = Debug|x64
		{CB52B339-4311-47C9-B9EB-23643F10BEC9}.Debug|Any CPU.Build.0 = Debug|x64
		{CB52B339-4311-47C9-B9EB-23643F10BEC9}.Release|x64.ActiveCfg = Release|x64
		{CB52B339-4311-47C9-B9EB-23643F10BEC9}.Release|x64.Build.0 = Release|x64
		{CB52B339-4311-47C9-B9EB-23643F10BEC9}.Release|x86.ActiveCfg = Release|x64
		{CB52B339-4311-47C9-B9EB-23643F10BEC9}.Release|x86.Build.0 = Release|x64
		{CB52B339-4311-47C9-B9EB-23643F10BEC9}.Release|Any CPU.ActiveCfg = Release|x64
		{CB52B339-4311-47C9-B9EB-23643F10BEC9}.Release|Any CPU.Build.0 = Release|x64
		{BB54FD85-CB1C-401F-A520-02396718595C}.Debug|x64.ActiveCfg = Debug|x64
		{BB54FD85-CB1C-401F-A520-02396718595C}.Debug|x64.Build.0 = Debug|x64
		{BB54FD85-CB1C-401F-A520-02396718595C}.Debug|x86.ActiveCfg = Debug|x64
		{BB54FD85-CB1C-401F-A520-02396718595C}.Debug|x86.Build.0 = Debug|x64
		{BB54FD85-CB1C-401F-A520-02396718595C}.Debug|Any CPU.ActiveCfg = Debug|x64
		{BB54FD85-CB1C-401F-A520-02396718595C}.Debug|Any CPU.Build.0 = Debug|x64
		{BB54FD85-CB1C-401F-A520-02396718595C}.Release|x64.ActiveCfg = Release|x64
		{BB54FD85-CB1C-401F-A520-02396718595C}.Release|x64.Build.0 = Release|x64
		{BB54FD85-CB1C-401F-A520-02396718595C}.Release|x86.ActiveCfg = Release|x64
		{BB54FD85-CB1C-401F-A520-02396718595C}.Release|x86.Build.0 = Release|x64
		{BB54FD85-CB1C-401F-A520-02396718595C}.Release|Any CPU.ActiveCfg = Release|x64
		{BB54FD85-CB1C-401F-A520-02396718595C}.Release|Any CPU.Build.0 = Release|x64
		{AC885CE1-A229-4437-B969-266DB6516AD1}.Debug|x64.ActiveCfg = Debug|x64
		{AC885CE1-A229-4437-B969-266DB6516AD1}.Debug|x64.Build.0 = Debug|x64
		{AC885CE1-A229-4437-B969-266DB6516AD1}.Debug|x86.ActiveCfg = Debug|x64
		{AC885CE1-A229-4437-B969-266DB6516AD1}.Debug|x86.Build.0 = Debug|x64
		{AC885CE1-A229-4437-B969-266DB6516AD1}.Debug|Any CPU.ActiveCfg = Debug|x64
		{AC885CE1-A229-4437-B969-266DB6516AD1}.Debug|Any CPU.Build.0 = Debug|x64
		{AC885CE1-A229-4437-B969-266DB6516AD1}.Release|x64.ActiveCfg = Release|x64
		{AC885CE1-A229-4437-B969-266DB6516AD1}.Release|x64.Build.0 = Release|x64
		{AC885CE1-A229-4437-B969-266DB6516AD1}.Release|x86.ActiveCfg = Release|x64
		{AC885CE1-A229-4437-B969-266DB6516AD1}.Release|x86.Build.0 = Release|x64
		{AC885CE1-A229-4437-B969-266DB6516AD1}.Release|Any CPU.ActiveCfg = Release|x64
		{AC885CE1-A229-4437-B969-266DB6516AD1}.Release|Any CPU.Build.0 = Release|x64
		{656AC74B-A298-4D0F-88CC-7CC7B5AB32C3}.Debug|x64.ActiveCfg = Debug|x64
		{656AC74B-A298-4D0F-88CC-7CC7B5AB32C3}.Debug|x64.Build.0 = Debug|x64
		{656AC74B-A298-4D0F-88CC-7CC7B5AB32C3}.Debug|x86.ActiveCfg = Debug|x64
		{656AC74B-A298-4D0F-88CC-7CC7B5AB32C3}.Debug|x86.Build.0 = Debug|x64
		{656AC74B-A298-4D0F-88CC-7CC7B5AB32C3}.Debug|Any CPU.ActiveCfg = Debug|x64
		{656AC74B-A298-4D0F-88CC-7CC7B5AB32C3}.Debug|Any CPU.Build.0 = Debug|x64
		{656AC74B-A298-4D0F-88CC-7CC7B5AB32C3}.Release|x64.ActiveCfg = Release|x64
		{656AC74B-A298-4D0F-88CC-7CC7B5AB32C3}.Release|x64.Build.0 = Release|x64
		{656AC74B-A298-4D0F-88CC-7CC7B5AB32C3}.Release|x86.ActiveCfg = Release|x64
		{656AC74B-A298-4D0F-88CC-7CC7B5AB32C3}.Release|x86.Build.0 = Release|x64
		{656AC74B-A298-4D0F-88CC-7CC7B5AB32C3}.Release|Any CPU.ActiveCfg = Release|x64
		{656AC74B-A298-4D0F-88CC-7CC7B5AB32C3}.Release|Any CPU.Build.0 = Release|x64
		{2C7AB13C-5877-459D-98F3-F91F88CE3216}.Debug|x64.ActiveCfg = Debug|x64
		{2C7AB13C-5877-459D-98F3-F91F88CE3216}.Debug|x64.Build.0 = Debug|x64
		{2C7AB13C-5877-459D-98F3-F91F88CE3216}.Debug|x86.ActiveCfg = Debug|x64
		{2C7AB13C-5877-459D-98F3-F91F88CE3216}.Debug|x86.Build.0 = Debug|x64
		{2C7AB13C-5877-459D-98F3-F91F88CE3216}.Debug|Any CPU.ActiveCfg = Debug|x64
		{2C7AB13C-5877-459D-98F3-F91F88CE3216}.Debug|Any CPU.Build.0 = Debug|x64
		{2C7AB13C-5877-459D-98F3-F91F88CE3216}.Release|x64.ActiveCfg = Release|x64
		{2C7AB13C-5877-459D-98F3-F91F88CE3216}.Release|x64.Build.0 = Release|x64
		{2C7AB13C-5877-459D-98F3-F91F88CE3216}.Release|x86.ActiveCfg = Release|x64
		{2C7AB13C-5877-459D-98F3-F91F88CE3216}.Release|x86.Build.0 = Release|x64
		{2C7AB13C-5877-459D-98F3-F91F88CE3216}.Release|Any CPU.ActiveCfg = Release|x64
		{2C7AB13C-5877-459D-98F3-F91F88CE3216}.Release|Any CPU.Build.0 = Release|x64
		{0D13B5A7-7D2E-4ACF-8B6E-4FB2A4A5D88B}.Debug|x64.ActiveCfg = Debug|x64
		{0D13B5A7-7D2E-4ACF-8B6E-4FB2A4A5D88B}.Debug|x64.Build.0 = Debug|x64
		{0D13B5A7-7D2E-4ACF-8B6E-4FB2A4A5D88B}.Debug|x86.ActiveCfg = Debug|x64
		{0D13B5A7-7D2E-4ACF-8B6E-4FB2A4A5D88B}.Debug|x86.Build.0 = Debug|x64
		{0D13B5A7-7D2E-4ACF-8B6E-4FB2A4A5D88B}.Debug|Any CPU.ActiveCfg = Debug|x64
		{0D13B5A7-7D2E-4ACF-8B6E-4FB2A4A5D88B}.Debug|Any CPU.Build.0 = Debug|x64
		{0D13B5A7-7D2E-4ACF-8B6E-4FB2A4A5D88B}.Release|x64.ActiveCfg = Release|x64
		{0D13B5A7-7D2E-4ACF-8B6E-4FB2A4A5D88B}.Release|x64.Build.0 = Release|x64
		{0D13B5A7-7D2E-4ACF-8B6E-4FB2A4A5D88B}.Release|x86.ActiveCfg = Release|x64
		{0D13B5A7-7D2E-4ACF-8B6E-4FB2A4A5D88B}.Release|x86.Build.0 = Release|x64
		{0D13B5A7-7D2E-4ACF-8B6E-4FB2A4A5D88B}.Release|Any CPU.ActiveCfg = Release|x64
		{0D13B5A7-7D2E-4ACF-8B6E-4FB2A4A5D88B}.Release|Any CPU.Build.0 = Release|x64
		{B2C3D4E5-F6A7-4B8C-9D0E-1F2A3B4C5D6E}.Debug|x64.ActiveCfg = Debug|x64
		{B2C3D4E5-F6A7-4B8C-9D0E-1F2A3B4C5D6E}.Debug|x64.Build.0 = Debug|x64
		{B2C3D4E5-F6A7-4B8C-9D0E-1F2A3B4C5D6E}.Debug|x86.ActiveCfg = Debug|x64
		{B2C3D4E5-F6A7-4B8C-9D0E-1F2A3B4C5D6E}.Debug|x86.Build.0 = Debug|x64
		{B2C3D4E5-F6A7-4B8C-9D0E-1F2A3B4C5D6E}.Debug|Any CPU.ActiveCfg = Debug|x64
		{B2C3D4E5-F6A7-4B8C-9D0E-1F2A3B4C5D6E}.Debug|Any CPU.Build.0 = Debug|x64
		{B2C3D4E5-F6A7-4B8C-9D0E-1F2A3B4C5D6E}.Release|x64.ActiveCfg = Release|x64
		{B2C3D4E5-F6A7-4B8C-9D0E-1F2A3B4C5D6E}.Release|x64.Build.0 = Release|x64
		{B2C3D4E5-F6A7-4B8C-9D0E-1F2A3B4C5D6E}.Release|x86.ActiveCfg = Release|x64
		{B2C3D4E5-F6A7-4B8C-9D0E-1F2A3B4C5D6E}.Release|x86.Build.0 = Release|x64
		{B2C3D4E5-F6A7-4B8C-9D0E-1F2A3B4C5D6E}.Release|Any CPU.ActiveCfg = Release|x64
		{B2C3D4E5-F6A7-4B8C-9D0E-1F2A3B4C5D6E}.Release|Any CPU.Build.0 = Release|x64
		{E85F6CEF-D560-4F31-8D94-A7D75009A2CC}.Debug|x64.ActiveCfg = Debug|x64
		{E85F6CEF-D560-4F31-8D94-A7D75009A2CC}.Debug|x64.Build.0 = Debug|x64
		{E85F6CEF-D560-4F31-8D94-A7D75009A2CC}.Debug|x86.ActiveCfg = Debug|x64
		{E85F6CEF-D560-4F31-8D94-A7D75009A2CC}.Debug|x86.Build.0 = Debug|x64
		{E85F6CEF-D560-4F31-8D94-A7D75009A2CC}.Debug|Any CPU.ActiveCfg = Debug|x64
		{E85F6CEF-D560-4F31-8D94-A7D75009A2CC}.Debug|Any CPU.Build.0 = Debug|x64
		{E85F6CEF-D560-4F31-8D94-A7D75009A2CC}.Release|x64.ActiveCfg = Release|x64
		{E85F6CEF-D560-4F31-8D94-A7D75009A2CC}.Release|x64.Build.0 = Release|x64
		{E85F6CEF-D560-4F31-8D94-A7D75009A2CC}.Release|x86.ActiveCfg = Release|x64
		{E85F6CEF-D560-4F31-8D94-A7D75009A2CC}.Release|x86.Build.0 = Release|x64
		{E85F6CEF-D560-4F31-8D94-A7D75009A2CC}.Release|Any CPU.ActiveCfg = Release|x64
		{E85F6CEF-D560-4F31-8D94-A7D75009A2CC}.Release|Any CPU.Build.0 = Release|x64
		{5056A082-3103-4E4A-A0CC-5F30ED2A0767}.Debug|x64.ActiveCfg = Debug|x64
		{5056A082-3103-4E4A-A0CC-5F30ED2A0767}.Debug|x64.Build.0 = Debug|x64
		{5056A082-3103-4E4A-A0CC-5F30ED2A0767}.Debug|x86.ActiveCfg = Debug|x64
		{5056A082-3103-4E4A-A0CC-5F30ED2A0767}.Debug|x86.Build.0 = Debug|x64
		{5056A082-3103-4E4A-A0CC-5F30ED2A0767}.Debug|Any CPU.ActiveCfg = Debug|x64
		{5056A082-3103-4E4A-A0CC-5F30ED2A0767}.Debug|Any CPU.Build.0 = Debug|x64
		{5056A082-3103-4E4A-A0CC-5F30ED2A0767}.Release|x64.ActiveCfg = Release|x64
		{5056A082-3103-4E4A-A0CC-5F30ED2A0767}.Release|x64.Build.0 = Release|x64
		{5056A082-3103-4E4A-A0CC-5F30ED2A0767}.Release|x86.ActiveCfg = Release|x64
		{5056A082-3103-4E4A-A0CC-5F30ED2A0767}.Release|x86.Build.0 = Release|x64
		{5056A082-3103-4E4A-A0CC-5F30ED2A0767}.Release|Any CPU.ActiveCfg = Release|x64
		{5056A082-3103-4E4A-A0CC-5F30ED2A0767}.Release|Any CPU.Build.0 = Release|x64
		{8FDD02CE-4DE1-4F0A-B634-779F772FDF6C}.Debug|x64.ActiveCfg = Debug|x64
		{8FDD02CE-4DE1-4F0A-B634-779F772FDF6C}.Debug|x64.Build.0 = Debug|x64
		{8FDD02CE-4DE1-4F0A-B634-779F772FDF6C}.Debug|x86.ActiveCfg = Debug|x64
		{8FDD02CE-4DE1-4F0A-B634-779F772FDF6C}.Debug|x86.Build.0 = Debug|x64
		{8FDD02CE-4DE1-4F0A-B634-779F772FDF6C}.Debug|Any CPU.ActiveCfg = Debug|x64
		{8FDD02CE-4DE1-4F0A-B634-779F772FDF6C}.Debug|Any CPU.Build.0 = Debug|x64
		{8FDD02CE-4DE1-4F0A-B634-779F772FDF6C}.Release|x64.ActiveCfg = Release|x64
		{8FDD02CE-4DE1-4F0A-B634-779F772FDF6C}.Release|x64.Build.0 = Release|x64
		{8FDD02CE-4DE1-4F0A-B634-779F772FDF6C}.Release|x86.ActiveCfg = Release|x64
		{8FDD02CE-4DE1-4F0A-B634-779F772FDF6C}.Release|x86.Build.0 = Release|x64
		{8FDD02CE-4DE1-4F0A-B634-779F772FDF6C}.Release|Any CPU.ActiveCfg = Release|x64
		{8FDD02CE-4DE1-4F0A-B634-779F772FDF6C}.Release|Any CPU.Build.0 = Release|x64
		{75033DEA-DF07-45B7-88FD-68FAF6CE60B2}.Debug|x64.ActiveCfg = Debug|x64
		{75033DEA-DF07-45B7-88FD-68FAF6CE60B2}.Debug|x64.Build.0 = Debug|x64
		{75033DEA-DF07-45B7-88FD-68FAF6CE60B2}.Debug|x86.ActiveCfg = Debug|Any CPU
		{75033DEA-DF07-45B7-88FD-68FAF6CE60B2}.Debug|x86.Build.0 = Debug|Any CPU
		{75033DEA-DF07-45B7-88FD-68FAF6CE60B2}.Debug|Any CPU.ActiveCfg = Debug|Any CPU
		{75033DEA-DF07-45B7-88FD-68FAF6CE60B2}.Debug|Any CPU.Build.0 = Debug|Any CPU
		{75033DEA-DF07-45B7-88FD-68FAF6CE60B2}.Release|x64.ActiveCfg = Release|x64
		{75033DEA-DF07-45B7-88FD-68FAF6CE60B2}.Release|x64.Build.0 = Release|x64
		{75033DEA-DF07-45B7-88FD-68FAF6CE60B2}.Release|x86.ActiveCfg = Release|Any CPU
		{75033DEA-DF07-45B7-88FD-68FAF6CE60B2}.Release|x86.Build.0 = Release|Any CPU
		{75033DEA-DF07-45B7-88FD-68FAF6CE60B2}.Release|Any CPU.ActiveCfg = Release|Any CPU
		{75033DEA-DF07-45B7-88FD-68FAF6CE60B2}.Release|Any CPU.Build.0 = Release|Any CPU
		{A2942DE1-7828-413E-A4F1-D9EFE3F45E36}.Debug|x64.ActiveCfg = Debug|Any CPU
		{A2942DE1-7828-413E-A4F1-D9EFE3F45E36}.Debug|x64.Build.0 = Debug|Any CPU
		{A2942DE1-7828-413E-A4F1-D9EFE3F45E36}.Debug|x86.ActiveCfg = Debug|Any CPU
		{A2942DE1-7828-413E-A4F1-D9EFE3F45E36}.Debug|x86.Build.0 = Debug|Any CPU
		{A2942DE1-7828-413E-A4F1-D9EFE3F45E36}.Debug|Any CPU.ActiveCfg = Debug|Any CPU
		{A2942DE1-7828-413E-A4F1-D9EFE3F45E36}.Debug|Any CPU.Build.0 = Debug|Any CPU
		{A2942DE1-7828-413E-A4F1-D9EFE3F45E36}.Release|x64.ActiveCfg = Release|Any CPU
		{A2942DE1-7828-413E-A4F1-D9EFE3F45E36}.Release|x64.Build.0 = Release|Any CPU
		{A2942DE1-7828-413E-A4F1-D9EFE3F45E36}.Release|x86.ActiveCfg = Release|Any CPU
		{A2942DE1-7828-413E-A4F1-D9EFE3F45E36}.Release|x86.Build.0 = Release|Any CPU
		{A2942DE1-7828-413E-A4F1-D9EFE3F45E36}.Release|Any CPU.ActiveCfg = Release|Any CPU
		{A2942DE1-7828-413E-A4F1-D9EFE3F45E36}.Release|Any CPU.Build.0 = Release|Any CPU
		{976A7C50-51C1-4E98-B9DB-1D5B82049FBD}.Debug|x64.ActiveCfg = Debug|x64
		{976A7C50-51C1-4E98-B9DB-1D5B82049FBD}.Debug|x64.Build.0 = Debug|x64
		{976A7C50-51C1-4E98-B9DB-1D5B82049FBD}.Debug|x86.ActiveCfg = Debug|x64
		{976A7C50-51C1-4E98-B9DB-1D5B82049FBD}.Debug|x86.Build.0 = Debug|x64
		{976A7C50-51C1-4E98-B9DB-1D5B82049FBD}.Debug|Any CPU.ActiveCfg = Debug|x64
		{976A7C50-51C1-4E98-B9DB-1D5B82049FBD}.Debug|Any CPU.Build.0 = Debug|x64
		{976A7C50-51C1-4E98-B9DB-1D5B82049FBD}.Release|x64.ActiveCfg = Release|x64
		{976A7C50-51C1-4E98-B9DB-1D5B82049FBD}.Release|x64.Build.0 = Release|x64
		{976A7C50-51C1-4E98-B9DB-1D5B82049FBD}.Release|x86.ActiveCfg = Release|x64
		{976A7C50-51C1-4E98-B9DB-1D5B82049FBD}.Release|x86.Build.0 = Release|x64
		{976A7C50-51C1-4E98-B9DB-1D5B82049FBD}.Release|Any CPU.ActiveCfg = Release|x64
		{976A7C50-51C1-4E98-B9DB-1D5B82049FBD}.Release|Any CPU.Build.0 = Release|x64
		{27660724-2D75-4F95-9D1E-BFDA92879AAB}.Debug|x64.ActiveCfg = Debug|x64
		{27660724-2D75-4F95-9D1E-BFDA92879AAB}.Debug|x64.Build.0 = Debug|x64
		{27660724-2D75-4F95-9D1E-BFDA92879AAB}.Debug|x86.ActiveCfg = Debug|Any CPU
		{27660724-2D75-4F95-9D1E-BFDA92879AAB}.Debug|x86.Build.0 = Debug|Any CPU
		{27660724-2D75-4F95-9D1E-BFDA92879AAB}.Debug|Any CPU.ActiveCfg = Debug|Any CPU
		{27660724-2D75-4F95-9D1E-BFDA92879AAB}.Debug|Any CPU.Build.0 = Debug|Any CPU
		{27660724-2D75-4F95-9D1E-BFDA92879AAB}.Release|x64.ActiveCfg = Release|x64
		{27660724-2D75-4F95-9D1E-BFDA92879AAB}.Release|x64.Build.0 = Release|x64
		{27660724-2D75-4F95-9D1E-BFDA92879AAB}.Release|x86.ActiveCfg = Release|Any CPU
		{27660724-2D75-4F95-9D1E-BFDA92879AAB}.Release|x86.Build.0 = Release|Any CPU
		{27660724-2D75-4F95-9D1E-BFDA92879AAB}.Release|Any CPU.ActiveCfg = Release|Any CPU
		{27660724-2D75-4F95-9D1E-BFDA92879AAB}.Release|Any CPU.Build.0 = Release|Any CPU
		{D610BF97-DD19-4BBF-A15F-08D5790D4479}.Debug|x64.ActiveCfg = Debug|x64
		{D610BF97-DD19-4BBF-A15F-08D5790D4479}.Debug|x64.Build.0 = Debug|x64
		{D610BF97-DD19-4BBF-A15F-08D5790D4479}.Debug|x86.ActiveCfg = Debug|Any CPU
		{D610BF97-DD19-4BBF-A15F-08D5790D4479}.Debug|x86.Build.0 = Debug|Any CPU
		{D610BF97-DD19-4BBF-A15F-08D5790D4479}.Debug|Any CPU.ActiveCfg = Debug|Any CPU
		{D610BF97-DD19-4BBF-A15F-08D5790D4479}.Debug|Any CPU.Build.0 = Debug|Any CPU
		{D610BF97-DD19-4BBF-A15F-08D5790D4479}.Release|x64.ActiveCfg = Release|x64
		{D610BF97-DD19-4BBF-A15F-08D5790D4479}.Release|x64.Build.0 = Release|x64
		{D610BF97-DD19-4BBF-A15F-08D5790D4479}.Release|x86.ActiveCfg = Release|Any CPU
		{D610BF97-DD19-4BBF-A15F-08D5790D4479}.Release|x86.Build.0 = Release|Any CPU
		{D610BF97-DD19-4BBF-A15F-08D5790D4479}.Release|Any CPU.ActiveCfg = Release|Any CPU
		{D610BF97-DD19-4BBF-A15F-08D5790D4479}.Release|Any CPU.Build.0 = Release|Any CPU
		{81A41C3C-D3D0-446E-ADD0-47F2F3E66DF0}.Debug|x64.ActiveCfg = Debug|Any CPU
		{81A41C3C-D3D0-446E-ADD0-47F2F3E66DF0}.Debug|x64.Build.0 = Debug|Any CPU
		{81A41C3C-D3D0-446E-ADD0-47F2F3E66DF0}.Debug|x86.ActiveCfg = Debug|Any CPU
		{81A41C3C-D3D0-446E-ADD0-47F2F3E66DF0}.Debug|x86.Build.0 = Debug|Any CPU
		{81A41C3C-D3D0-446E-ADD0-47F2F3E66DF0}.Debug|Any CPU.ActiveCfg = Debug|Any CPU
		{81A41C3C-D3D0-446E-ADD0-47F2F3E66DF0}.Debug|Any CPU.Build.0 = Debug|Any CPU
		{81A41C3C-D3D0-446E-ADD0-47F2F3E66DF0}.Release|x64.ActiveCfg = Release|Any CPU
		{81A41C3C-D3D0-446E-ADD0-47F2F3E66DF0}.Release|x64.Build.0 = Release|Any CPU
		{81A41C3C-D3D0-446E-ADD0-47F2F3E66DF0}.Release|x86.ActiveCfg = Release|Any CPU
		{81A41C3C-D3D0-446E-ADD0-47F2F3E66DF0}.Release|x86.Build.0 = Release|Any CPU
		{81A41C3C-D3D0-446E-ADD0-47F2F3E66DF0}.Release|Any CPU.ActiveCfg = Release|Any CPU
		{81A41C3C-D3D0-446E-ADD0-47F2F3E66DF0}.Release|Any CPU.Build.0 = Release|Any CPU
		{2EC0039E-EBA7-44E0-B6E8-3F2C9A9600E9}.Debug|x64.ActiveCfg = Debug|x64
		{2EC0039E-EBA7-44E0-B6E8-3F2C9A9600E9}.Debug|x64.Build.0 = Debug|x64
		{2EC0039E-EBA7-44E0-B6E8-3F2C9A9600E9}.Debug|x86.ActiveCfg = Debug|x64
		{2EC0039E-EBA7-44E0-B6E8-3F2C9A9600E9}.Debug|x86.Build.0 = Debug|x64
		{2EC0039E-EBA7-44E0-B6E8-3F2C9A9600E9}.Debug|Any CPU.ActiveCfg = Debug|x64
		{2EC0039E-EBA7-44E0-B6E8-3F2C9A9600E9}.Debug|Any CPU.Build.0 = Debug|x64
		{2EC0039E-EBA7-44E0-B6E8-3F2C9A9600E9}.Release|x64.ActiveCfg = Release|x64
		{2EC0039E-EBA7-44E0-B6E8-3F2C9A9600E9}.Release|x64.Build.0 = Release|x64
		{2EC0039E-EBA7-44E0-B6E8-3F2C9A9600E9}.Release|x86.ActiveCfg = Release|x64
		{2EC0039E-EBA7-44E0-B6E8-3F2C9A9600E9}.Release|x86.Build.0 = Release|x64
		{2EC0039E-EBA7-44E0-B6E8-3F2C9A9600E9}.Release|Any CPU.ActiveCfg = Release|x64
		{2EC0039E-EBA7-44E0-B6E8-3F2C9A9600E9}.Release|Any CPU.Build.0 = Release|x64
		{F6E9BD31-65D6-4651-B479-8B5710174EA1}.Debug|x64.ActiveCfg = Debug|x64
		{F6E9BD31-65D6-4651-B479-8B5710174EA1}.Debug|x64.Build.0 = Debug|x64
		{F6E9BD31-65D6-4651-B479-8B5710174EA1}.Debug|x86.ActiveCfg = Debug|Any CPU
		{F6E9BD31-65D6-4651-B479-8B5710174EA1}.Debug|x86.Build.0 = Debug|Any CPU
		{F6E9BD31-65D6-4651-B479-8B5710174EA1}.Debug|Any CPU.ActiveCfg = Debug|Any CPU
		{F6E9BD31-65D6-4651-B479-8B5710174EA1}.Debug|Any CPU.Build.0 = Debug|Any CPU
		{F6E9BD31-65D6-4651-B479-8B5710174EA1}.Release|x64.ActiveCfg = Release|x64
		{F6E9BD31-65D6-4651-B479-8B5710174EA1}.Release|x64.Build.0 = Release|x64
		{F6E9BD31-65D6-4651-B479-8B5710174EA1}.Release|x86.ActiveCfg = Release|Any CPU
		{F6E9BD31-65D6-4651-B479-8B5710174EA1}.Release|x86.Build.0 = Release|Any CPU
		{F6E9BD31-65D6-4651-B479-8B5710174EA1}.Release|Any CPU.ActiveCfg = Release|Any CPU
		{F6E9BD31-65D6-4651-B479-8B5710174EA1}.Release|Any CPU.Build.0 = Release|Any CPU
		{981B5719-455E-465E-97CE-6609034C41E9}.Debug|x64.ActiveCfg = Debug|x64
		{981B5719-455E-465E-97CE-6609034C41E9}.Debug|x64.Build.0 = Debug|x64
		{981B5719-455E-465E-97CE-6609034C41E9}.Debug|x86.ActiveCfg = Debug|x64
		{981B5719-455E-465E-97CE-6609034C41E9}.Debug|x86.Build.0 = Debug|x64
		{981B5719-455E-465E-97CE-6609034C41E9}.Debug|Any CPU.ActiveCfg = Debug|x64
		{981B5719-455E-465E-97CE-6609034C41E9}.Debug|Any CPU.Build.0 = Debug|x64
		{981B5719-455E-465E-97CE-6609034C41E9}.Release|x64.ActiveCfg = Release|x64
		{981B5719-455E-465E-97CE-6609034C41E9}.Release|x64.Build.0 = Release|x64
		{981B5719-455E-465E-97CE-6609034C41E9}.Release|x86.ActiveCfg = Release|x64
		{981B5719-455E-465E-97CE-6609034C41E9}.Release|x86.Build.0 = Release|x64
		{981B5719-455E-465E-97CE-6609034C41E9}.Release|Any CPU.ActiveCfg = Release|x64
		{981B5719-455E-465E-97CE-6609034C41E9}.Release|Any CPU.Build.0 = Release|x64
		{6745FB1F-AFDC-4651-A802-85515C1F0C2B}.Debug|x64.ActiveCfg = Debug|x64
		{6745FB1F-AFDC-4651-A802-85515C1F0C2B}.Debug|x64.Build.0 = Debug|x64
		{6745FB1F-AFDC-4651-A802-85515C1F0C2B}.Debug|x86.ActiveCfg = Debug|x64
		{6745FB1F-AFDC-4651-A802-85515C1F0C2B}.Debug|x86.Build.0 = Debug|x64
		{6745FB1F-AFDC-4651-A802-85515C1F0C2B}.Debug|Any CPU.ActiveCfg = Debug|x64
		{6745FB1F-AFDC-4651-A802-85515C1F0C2B}.Debug|Any CPU.Build.0 = Debug|x64
		{6745FB1F-AFDC-4651-A802-85515C1F0C2B}.Release|x64.ActiveCfg = Release|x64
		{6745FB1F-AFDC-4651-A802-85515C1F0C2B}.Release|x64.Build.0 = Release|x64
		{6745FB1F-AFDC-4651-A802-85515C1F0C2B}.Release|x86.ActiveCfg = Release|x64
		{6745FB1F-AFDC-4651-A802-85515C1F0C2B}.Release|x86.Build.0 = Release|x64
		{6745FB1F-AFDC-4651-A802-85515C1F0C2B}.Release|Any CPU.ActiveCfg = Release|x64
		{6745FB1F-AFDC-4651-A802-85515C1F0C2B}.Release|Any CPU.Build.0 = Release|x64
		{B8EF883E-93C9-4C3F-AB57-D63CF85E2DD6}.Debug|x64.ActiveCfg = Debug|x64
		{B8EF883E-93C9-4C3F-AB57-D63CF85E2DD6}.Debug|x64.Build.0 = Debug|x64
		{B8EF883E-93C9-4C3F-AB57-D63CF85E2DD6}.Debug|x86.ActiveCfg = Debug|x64
		{B8EF883E-93C9-4C3F-AB57-D63CF85E2DD6}.Debug|x86.Build.0 = Debug|x64
		{B8EF883E-93C9-4C3F-AB57-D63CF85E2DD6}.Debug|Any CPU.ActiveCfg = Debug|x64
		{B8EF883E-93C9-4C3F-AB57-D63CF85E2DD6}.Debug|Any CPU.Build.0 = Debug|x64
		{B8EF883E-93C9-4C3F-AB57-D63CF85E2DD6}.Release|x64.ActiveCfg = Release|x64
		{B8EF883E-93C9-4C3F-AB57-D63CF85E2DD6}.Release|x64.Build.0 = Release|x64
		{B8EF883E-93C9-4C3F-AB57-D63CF85E2DD6}.Release|x86.ActiveCfg = Release|x64
		{B8EF883E-93C9-4C3F-AB57-D63CF85E2DD6}.Release|x86.Build.0 = Release|x64
		{B8EF883E-93C9-4C3F-AB57-D63CF85E2DD6}.Release|Any CPU.ActiveCfg = Release|x64
		{B8EF883E-93C9-4C3F-AB57-D63CF85E2DD6}.Release|Any CPU.Build.0 = Release|x64
	EndGlobalSection
	GlobalSection(SolutionProperties) = preSolution
		HideSolutionNode = FALSE
	EndGlobalSection
	GlobalSection(NestedProjects) = preSolution
		{BB54FD85-CB1C-401F-A520-02396718595C} = {07C2787E-EAC7-C090-1BA3-A61EC2A24D84}
		{656AC74B-A298-4D0F-88CC-7CC7B5AB32C3} = {F8070067-370A-4E50-898A-8E31A3D77569}
		{2C7AB13C-5877-459D-98F3-F91F88CE3216} = {F8070067-370A-4E50-898A-8E31A3D77569}
		{0D13B5A7-7D2E-4ACF-8B6E-4FB2A4A5D88B} = {07C2787E-EAC7-C090-1BA3-A61EC2A24D84}
		{B2C3D4E5-F6A7-4B8C-9D0E-1F2A3B4C5D6E} = {A1B2C3D4-E5F6-4A7B-8C9D-0E1F2A3B4C5D}
		{5056A082-3103-4E4A-A0CC-5F30ED2A0767} = {A1B2C3D4-E5F6-4A7B-8C9D-0E1F2A3B4C5D}
		{81A41C3C-D3D0-446E-ADD0-47F2F3E66DF0} = {A1B2C3D4-E5F6-4A7B-8C9D-0E1F2A3B4C5D}
		{2EC0039E-EBA7-44E0-B6E8-3F2C9A9600E9} = {A1B2C3D4-E5F6-4A7B-8C9D-0E1F2A3B4C5D}
		{6745FB1F-AFDC-4651-A802-85515C1F0C2B} = {A1B2C3D4-E5F6-4A7B-8C9D-0E1F2A3B4C5D}
		{B8EF883E-93C9-4C3F-AB57-D63CF85E2DD6} = {A1B2C3D4-E5F6-4A7B-8C9D-0E1F2A3B4C5D}
	EndGlobalSection
	GlobalSection(ExtensibilityGlobals) = postSolution
		SolutionGuid = {DA77E337-1B57-4D70-B454-BE5EA6E618D6}
	EndGlobalSection
EndGlobal
