{
  "version": 2,
  "dependencies": {
    "net10.0": {
      "Autofac": {
        "type": "Direct",
        "requested": "[9.3.2, )",
        "resolved": "9.3.2",
        "contentHash": "an3dLpmXWvb2aBP5qyA7GVEcXhoG+W/EtFRa3sBYzJdXSNDnB0aoeo4MgOQru0G5sjNDGYM3D3CnBzNFXEVOOA=="
      },
      "NeoSmart.AsyncLock": {
        "type": "Direct",
        "requested": "[3.2.1, )",
        "resolved": "3.2.1",
        "contentHash": "bYIpqtgA5oZWdSgcsGA4XLkKVYuz6Qc+aEVfTYPOIX2rSFbb8NFxHcBb5V62qio8Q6Au/Xn+7ci86VW9vqIk0w=="
      },
      "System.Windows.Extensions": {
        "type": "Direct",
        "requested": "[10.0.12, )",
        "resolved": "10.0.12",
        "contentHash": "J+FZruVjELSk2NMe3MQNyCXszIlx1b7qOjUBCSbhabomYIVWpFS5QCnPdxE8K6SVt7Gja7ohpXX1oLLXRAIuzw=="
      },
      "universaldevicetoolkit.cli.lib": {
        "type": "Project"
      },
      "universaldevicetoolkit.lib": {
        "type": "Project",
        "dependencies": {
          "Autofac": "[9.3.2, )",
          "NeoSmart.AsyncLock": "[3.2.1, )",
          "Octokit": "[14.0.0, )",
          "Serilog": "[4.4.0, )",
          "Serilog.Sinks.Async": "[2.1.0, )",
          "Serilog.Sinks.File": "[7.0.0, )",
          "UniversalDeviceToolkit.Lib.Abstractions": "[6.1.1, )",
          "UniversalDeviceToolkit.Lib.Shared": "[6.1.1, )",
          "UniversalDeviceToolkit.Platform.Linux": "[6.1.1, )"
        }
      },
      "universaldevicetoolkit.lib.abstractions": {
        "type": "Project"
      },
      "universaldevicetoolkit.lib.shared": {
        "type": "Project",
        "dependencies": {
          "UniversalDeviceToolkit.Lib.Abstractions": "[6.1.1, )"
        }
      },
      "universaldevicetoolkit.platform.linux": {
        "type": "Project",
        "dependencies": {
          "UniversalDeviceToolkit.Lib.Abstractions": "[6.1.1, )"
        }
      },
      "Octokit": {
        "type": "CentralTransitive",
        "requested": "[14.0.0, )",
        "resolved": "14.0.0",
        "contentHash": "jGOuTH1l+TCpJH+fwYOp7USzHDuGfN1jKbLz3J2COwyn+wL08eynvpnM6rY2qkzIEXum3PN2p2QkP3BW/p9Qcw=="
      },
      "Serilog": {
        "type": "CentralTransitive",
        "requested": "[4.4.0, )",
        "resolved": "4.4.0",
        "contentHash": "ZC6Le3rr4TVJJjS4KsQAesxeF1EhW9qcZmmG7eP5Y2G3+gTGkJEUXkq4+tZNPtyp05I0wWOxnIjwtxFweJsObw=="
      },
      "Serilog.Sinks.Async": {
        "type": "CentralTransitive",
        "requested": "[2.1.0, )",
        "resolved": "2.1.0",
        "contentHash": "SnmRknWsSMgyo9wDXeZZCqSp48kkQYy44taSM6vcpxfiRICzSf09oLKEmVr0RCwQnfd8mJQ2WNN6nvhqf0RowQ==",
        "dependencies": {
          "Serilog": "4.1.0"
        }
      },
      "Serilog.Sinks.File": {
        "type": "CentralTransitive",
        "requested": "[7.0.0, )",
        "resolved": "7.0.0",
        "contentHash": "fKL7mXv7qaiNBUC71ssvn/dU0k9t0o45+qm2XgKAlSt19xF+ijjxyA3R6HmCgfKEKwfcfkwWjayuQtRueZFkYw==",
        "dependencies": {
          "Serilog": "4.2.0"
        }
      }
    }
  }
}