{
  "version": 2,
  "dependencies": {
    "net10.0-windows10.0.26100": {
      "System.CommandLine": {
        "type": "Direct",
        "requested": "[2.0.10, )",
        "resolved": "2.0.10",
        "contentHash": "6i1D6/U3i1f/PiXTt9pDvbJwdXEe0F2DZPup6BHzeIu5yPk/lkFzgtrJnPbj54JWUh8Y9vJeKG/TZIT6MkF8TA=="
      },
      "universaldevicetoolkit.cli.lib": {
        "type": "Project"
      },
      "universaldevicetoolkit.lib.abstractions": {
        "type": "Project"
      }
    },
    "net10.0-windows10.0.26100/win-x64": {}
  }
}